
Microsoft Visual Studio Solution File, Format Version 12.00
# Visual Studio Version 16
VisualStudioVersion = 16.0.31313.79
MinimumVisualStudioVersion = 10.0.40219.1
Project("{FAE04EC0-301F-11D3-BF4B-00C04F79EFBC}") = "roshi", "roshi\roshi.csproj", "{45F3D7A7-664F-400F-9AAF-D767875D45C3}"
EndProject
Global
	GlobalSection(SolutionConfigurationPlatforms) = preSolution
		Debug|Any CPU = Debug|Any CPU
		Release|Any CPU = Release|Any CPU
	EndGlobalSection
	GlobalSection(ProjectConfigurationPlatforms) = postSolution
		{45F3D7A7-664F-400F-9AAF-D767875D45C3}.Debug|Any CPU.ActiveCfg = Debug|Any CPU
		{45F3D7A7-664F-400F-9AAF-D767875D45C3}.Debug|Any CPU.Build.0 = Debug|Any CPU
		{45F3D7A7-664F-400F-9AAF-D767875D45C3}.Release|Any CPU.ActiveCfg = Release|Any CPU
		{45F3D7A7-664F-400F-9AAF-D767875D45C3}.Release|Any CPU.Build.0 = Release|Any CPU
	EndGlobalSection
	GlobalSection(SolutionProperties) = preSolution
		HideSolutionNode = FALSE
	EndGlobalSection
	GlobalSection(ExtensibilityGlobals) = postSolution
		SolutionGuid = {D188EB9A-567A-4062-8FAB-3EA4A5EA5D51}
	EndGlobalSection
EndGlobal
